github.com/thorstenrie/lpstats v1.3.1 h1:GjIQOXdH6dmKgOMJpLXL6eXe1ThyAR9uTnyna4nZLU8=
github.com/thorstenrie/lpstats v1.3.1/go.mod h1:XYdUnFqfU69nHRT2xLpMLfSV6RvQsWOufxr0aIc9cOY=
github.com/thorstenrie/tserr v1.12.0 h1:Ia1M37Rb7ehB+LCQa78jcuRveQfYSFXvP2kVr8F4VNs=
github.com/thorstenrie/tserr v1.12.0/go.mod h1:8kiMcslns2DRdKLkLkp8MTb910lmtd9uPsElyILdkjA=
github.com/thorstenrie/tsfio v1.4.0 h1:akcPv8zo9UekG6YjA7toLIHl4VXfXcXTUNH66MOpbYs=
github.com/thorstenrie/tsfio v1.4.0/go.mod h1:Iau1Xwyin9qeGeJNdLZBlq5xIocTJqubvyFExscJkHA=
github.com/thorstenrie/tsrand v1.0.2 h1:h5xgcpJiRiEj1PZajhIltcY9gZ/3Nx0Dc41BG61+u3c=
github.com/thorstenrie/tsrand v1.0.2/go.mod h1:dniU22fxVb7j64VE6kKH6oKgSVMKkau/0QhXw5M3pA0=
github.com/thorstenrie/tstable v1.0.1 h1:A+zGPtoNgM0zOMWEenAlUyIKkTWh4Q2dTM0qIAL6RPI=
github.com/thorstenrie/tstable v1.0.1/go.mod h1:ArNtBJVO3IqMZdchufBt2G8fP9jEVNUzvsZx+W1zk7A=
