github.com/thorstenrie/lpstats v1.3.0 h1:IvE18r31oehiRptQEhr597lBLNP0/F4qUevF8h0vB0s=
github.com/thorstenrie/lpstats v1.3.0/go.mod h1:wuc8IgXBq/M8CUS8I1cC0ZI9FlYz6BUU9tuC1JRtk40=
github.com/thorstenrie/tserr v1.10.2 h1:p3AIyK9aSeRqrZ7y/zAkO70amPWEFcpunbM5Ltk8SFs=
github.com/thorstenrie/tserr v1.10.2/go.mod h1:8kiMcslns2DRdKLkLkp8MTb910lmtd9uPsElyILdkjA=
github.com/thorstenrie/tsfio v1.3.0 h1:W3iv0wT1gRkzSQmdC978VImrBNxVvgPrS7vG5rHnWiw=
github.com/thorstenrie/tsfio v1.3.0/go.mod h1:hiC/ovdHjJm36f4WcUkDlsfoAy3cyUXltKLpo4uZB2M=
github.com/thorstenrie/tsrand v1.0.2 h1:h5xgcpJiRiEj1PZajhIltcY9gZ/3Nx0Dc41BG61+u3c=
github.com/thorstenrie/tsrand v1.0.2/go.mod h1:dniU22fxVb7j64VE6kKH6oKgSVMKkau/0QhXw5M3pA0=
github.com/thorstenrie/tstable v1.0.0 h1:TIOKv3XjsX+W3HumBiLS9MgwTkv4nCStXzMQjcsekxE=
github.com/thorstenrie/tstable v1.0.0/go.mod h1:ecFv8lvf8Hd1tJTSyygq+Ixd+HzL6HhHLpcVNMYXtSk=
